
Microsoft Visual Studio Solution File, Format Version 12.00
# Visual Studio Version 16
VisualStudioVersion = 16.0.32002.261
MinimumVisualStudioVersion = 10.0.40219.1
Project("{FAE04EC0-301F-11D3-BF4B-00C04F79EFBC}") = "Crud", "Crud.csproj", "{52210E77-E5BF-48A8-BA3D-FE978DCFC809}"
EndProject
Global
	GlobalSection(SolutionConfigurationPlatforms) = preSolution
		Debug|Any CPU = Debug|Any CPU
		Release|Any CPU = Release|Any CPU
	EndGlobalSection
	GlobalSection(ProjectConfigurationPlatforms) = postSolution
		{52210E77-E5BF-48A8-BA3D-FE978DCFC809}.Debug|Any CPU.ActiveCfg = Debug|Any CPU
		{52210E77-E5BF-48A8-BA3D-FE978DCFC809}.Debug|Any CPU.Build.0 = Debug|Any CPU
		{52210E77-E5BF-48A8-BA3D-FE978DCFC809}.Release|Any CPU.ActiveCfg = Release|Any CPU
		{52210E77-E5BF-48A8-BA3D-FE978DCFC809}.Release|Any CPU.Build.0 = Release|Any CPU
	EndGlobalSection
	GlobalSection(SolutionProperties) = preSolution
		HideSolutionNode = FALSE
	EndGlobalSection
	GlobalSection(ExtensibilityGlobals) = postSolution
		SolutionGuid = {A460A37F-A25D-4838-BF44-92FC28A22C34}
	EndGlobalSection
EndGlobal
